
Microsoft Visual Studio Solution File, Format Version 12.00
# Visual Studio Version 17
VisualStudioVersion = 17.3.32929.385
MinimumVisualStudioVersion = 10.0.40219.1
Project("{FAE04EC0-301F-11D3-BF4B-00C04F79EFBC}") = "Day09", "Day09\Day09.csproj", "{34072BA8-4846-4789-BFD1-644D6C00D1AE}"
EndProject
Global
	GlobalSection(SolutionConfigurationPlatforms) = preSolution
		Debug|Any CPU = Debug|Any CPU
		Release|Any CPU = Release|Any CPU
	EndGlobalSection
	GlobalSection(ProjectConfigurationPlatforms) = postSolution
		{34072BA8-4846-4789-BFD1-644D6C00D1AE}.Debug|Any CPU.ActiveCfg = Debug|Any CPU
		{34072BA8-4846-4789-BFD1-644D6C00D1AE}.Debug|Any CPU.Build.0 = Debug|Any CPU
		{34072BA8-4846-4789-BFD1-644D6C00D1AE}.Release|Any CPU.ActiveCfg = Release|Any CPU
		{34072BA8-4846-4789-BFD1-644D6C00D1AE}.Release|Any CPU.Build.0 = Release|Any CPU
	EndGlobalSection
	GlobalSection(SolutionProperties) = preSolution
		HideSolutionNode = FALSE
	EndGlobalSection
	GlobalSection(ExtensibilityGlobals) = postSolution
		SolutionGuid = {816E109C-0C1C-4FB4-B8C2-CC99E33283D9}
	EndGlobalSection
EndGlobal
