
Microsoft Visual Studio Solution File, Format Version 12.00
# Visual Studio Version 17
VisualStudioVersion = 17.3.32929.385
MinimumVisualStudioVersion = 10.0.40219.1
Project("{FAE04EC0-301F-11D3-BF4B-00C04F79EFBC}") = "AdventOfCode2022_01", "AdventOfCode2022_01\AdventOfCode2022_01.csproj", "{B360CA43-D496-4C0F-A53F-1F71FB9688F5}"
EndProject
Global
	GlobalSection(SolutionConfigurationPlatforms) = preSolution
		Debug|Any CPU = Debug|Any CPU
		Release|Any CPU = Release|Any CPU
	EndGlobalSection
	GlobalSection(ProjectConfigurationPlatforms) = postSolution
		{B360CA43-D496-4C0F-A53F-1F71FB9688F5}.Debug|Any CPU.ActiveCfg = Debug|Any CPU
		{B360CA43-D496-4C0F-A53F-1F71FB9688F5}.Debug|Any CPU.Build.0 = Debug|Any CPU
		{B360CA43-D496-4C0F-A53F-1F71FB9688F5}.Release|Any CPU.ActiveCfg = Release|Any CPU
		{B360CA43-D496-4C0F-A53F-1F71FB9688F5}.Release|Any CPU.Build.0 = Release|Any CPU
	EndGlobalSection
	GlobalSection(SolutionProperties) = preSolution
		HideSolutionNode = FALSE
	EndGlobalSection
	GlobalSection(ExtensibilityGlobals) = postSolution
		SolutionGuid = {71615792-2AF6-4E45-9FC5-73060FF19B43}
	EndGlobalSection
EndGlobal
