
Microsoft Visual Studio Solution File, Format Version 12.00
# Visual Studio Version 17
VisualStudioVersion = 17.3.32929.385
MinimumVisualStudioVersion = 10.0.40219.1
Project("{FAE04EC0-301F-11D3-BF4B-00C04F79EFBC}") = "Day11", "Day11\Day11.csproj", "{768ECE7B-E0B9-4BA7-999B-43BD5436C930}"
EndProject
Global
	GlobalSection(SolutionConfigurationPlatforms) = preSolution
		Debug|Any CPU = Debug|Any CPU
		Release|Any CPU = Release|Any CPU
	EndGlobalSection
	GlobalSection(ProjectConfigurationPlatforms) = postSolution
		{768ECE7B-E0B9-4BA7-999B-43BD5436C930}.Debug|Any CPU.ActiveCfg = Debug|Any CPU
		{768ECE7B-E0B9-4BA7-999B-43BD5436C930}.Debug|Any CPU.Build.0 = Debug|Any CPU
		{768ECE7B-E0B9-4BA7-999B-43BD5436C930}.Release|Any CPU.ActiveCfg = Release|Any CPU
		{768ECE7B-E0B9-4BA7-999B-43BD5436C930}.Release|Any CPU.Build.0 = Release|Any CPU
	EndGlobalSection
	GlobalSection(SolutionProperties) = preSolution
		HideSolutionNode = FALSE
	EndGlobalSection
	GlobalSection(ExtensibilityGlobals) = postSolution
		SolutionGuid = {4151D72B-9B0A-49BB-858A-1C0B5B255BD9}
	EndGlobalSection
EndGlobal
